
Microsoft Visual Studio Solution File, Format Version 12.00
# Visual Studio Version 16
VisualStudioVersion = 16.0.30114.105
MinimumVisualStudioVersion = 10.0.40219.1
Project("{FAE04EC0-301F-11D3-BF4B-00C04F79EFBC}") = "Bootstrapper", "Bootstrapper\Bootstrapper.csproj", "{43CAC3A1-F5B9-44EF-8F31-2A70AFE2E6E9}"
EndProject
Project("{FAE04EC0-301F-11D3-BF4B-00C04F79EFBC}") = "Core", "Core\Core.csproj", "{391158E0-DBA9-4D18-BE00-C429750C4607}"
EndProject
Project("{FAE04EC0-301F-11D3-BF4B-00C04F79EFBC}") = "Presentation", "Presentation\Presentation.csproj", "{D3ACF7C3-D6C8-4A67-AA74-CAE370C51DFE}"
EndProject
Project("{FAE04EC0-301F-11D3-BF4B-00C04F79EFBC}") = "Persistence", "Persistence\Persistence.csproj", "{8DD63596-F283-446D-AFCA-E65F6B4FF50E}"
EndProject
Global
	GlobalSection(SolutionConfigurationPlatforms) = preSolution
		Debug|Any CPU = Debug|Any CPU
		Release|Any CPU = Release|Any CPU
	EndGlobalSection
	GlobalSection(SolutionProperties) = preSolution
		HideSolutionNode = FALSE
	EndGlobalSection
	GlobalSection(ProjectConfigurationPlatforms) = postSolution
		{43CAC3A1-F5B9-44EF-8F31-2A70AFE2E6E9}.Debug|Any CPU.ActiveCfg = Debug|Any CPU
		{43CAC3A1-F5B9-44EF-8F31-2A70AFE2E6E9}.Debug|Any CPU.Build.0 = Debug|Any CPU
		{43CAC3A1-F5B9-44EF-8F31-2A70AFE2E6E9}.Release|Any CPU.ActiveCfg = Release|Any CPU
		{43CAC3A1-F5B9-44EF-8F31-2A70AFE2E6E9}.Release|Any CPU.Build.0 = Release|Any CPU
		{391158E0-DBA9-4D18-BE00-C429750C4607}.Debug|Any CPU.ActiveCfg = Debug|Any CPU
		{391158E0-DBA9-4D18-BE00-C429750C4607}.Debug|Any CPU.Build.0 = Debug|Any CPU
		{391158E0-DBA9-4D18-BE00-C429750C4607}.Release|Any CPU.ActiveCfg = Release|Any CPU
		{391158E0-DBA9-4D18-BE00-C429750C4607}.Release|Any CPU.Build.0 = Release|Any CPU
		{D3ACF7C3-D6C8-4A67-AA74-CAE370C51DFE}.Debug|Any CPU.ActiveCfg = Debug|Any CPU
		{D3ACF7C3-D6C8-4A67-AA74-CAE370C51DFE}.Debug|Any CPU.Build.0 = Debug|Any CPU
		{D3ACF7C3-D6C8-4A67-AA74-CAE370C51DFE}.Release|Any CPU.ActiveCfg = Release|Any CPU
		{D3ACF7C3-D6C8-4A67-AA74-CAE370C51DFE}.Release|Any CPU.Build.0 = Release|Any CPU
		{8DD63596-F283-446D-AFCA-E65F6B4FF50E}.Debug|Any CPU.ActiveCfg = Debug|Any CPU
		{8DD63596-F283-446D-AFCA-E65F6B4FF50E}.Debug|Any CPU.Build.0 = Debug|Any CPU
		{8DD63596-F283-446D-AFCA-E65F6B4FF50E}.Release|Any CPU.ActiveCfg = Release|Any CPU
		{8DD63596-F283-446D-AFCA-E65F6B4FF50E}.Release|Any CPU.Build.0 = Release|Any CPU
	EndGlobalSection
EndGlobal
